
Microsoft Visual Studio Solution File, Format Version 12.00
# Visual Studio Version 16
VisualStudioVersion = 16.0.30028.174
MinimumVisualStudioVersion = 10.0.40219.1
Project("{9A19103F-16F7-4668-BE54-9A1E7A4F7556}") = "Naif.Blog.Core", "src\Naif.Blog.Core\Naif.Blog.Core.csproj", "{51DE84FC-C3A4-49C7-9A1F-9F04F5250A02}"
EndProject
Project("{2150E333-8FDC-42A3-9474-1A3956D46DE8}") = "Solution Items", "Solution Items", "{B379AB81-8687-4220-B9D9-71AF5636A46C}"
	ProjectSection(SolutionItems) = preProject
		.gitignore = .gitignore
		azure-pipelines.yml = azure-pipelines.yml
		README.md = README.md
		LICENSE = LICENSE
	EndProjectSection
EndProject
Project("{2150E333-8FDC-42A3-9474-1A3956D46DE8}") = "Tests", "Tests", "{3C8DDE97-059C-4880-8EA3-44E33B28C034}"
EndProject
Project("{FAE04EC0-301F-11D3-BF4B-00C04F79EFBC}") = "Naif.Blog.Core.Tests", "tests\Naif.Blog.Core.Tests\Naif.Blog.Core.Tests.csproj", "{41684A33-FB2B-4634-B57C-4CEBE49B455F}"
EndProject
Global
	GlobalSection(SolutionConfigurationPlatforms) = preSolution
		Debug|Any CPU = Debug|Any CPU
		Release|Any CPU = Release|Any CPU
	EndGlobalSection
	GlobalSection(ProjectConfigurationPlatforms) = postSolution
		{51DE84FC-C3A4-49C7-9A1F-9F04F5250A02}.Debug|Any CPU.ActiveCfg = Debug|Any CPU
		{51DE84FC-C3A4-49C7-9A1F-9F04F5250A02}.Debug|Any CPU.Build.0 = Debug|Any CPU
		{51DE84FC-C3A4-49C7-9A1F-9F04F5250A02}.Release|Any CPU.ActiveCfg = Release|Any CPU
		{51DE84FC-C3A4-49C7-9A1F-9F04F5250A02}.Release|Any CPU.Build.0 = Release|Any CPU
		{41684A33-FB2B-4634-B57C-4CEBE49B455F}.Debug|Any CPU.ActiveCfg = Debug|Any CPU
		{41684A33-FB2B-4634-B57C-4CEBE49B455F}.Debug|Any CPU.Build.0 = Debug|Any CPU
		{41684A33-FB2B-4634-B57C-4CEBE49B455F}.Release|Any CPU.ActiveCfg = Release|Any CPU
		{41684A33-FB2B-4634-B57C-4CEBE49B455F}.Release|Any CPU.Build.0 = Release|Any CPU
	EndGlobalSection
	GlobalSection(SolutionProperties) = preSolution
		HideSolutionNode = FALSE
	EndGlobalSection
	GlobalSection(ExtensibilityGlobals) = postSolution
		SolutionGuid = {28B5D123-5ED2-41E1-A8F3-76FD090F9CB2}
	EndGlobalSection
	GlobalSection(NestedProjects) = preSolution
		{41684A33-FB2B-4634-B57C-4CEBE49B455F} = {3C8DDE97-059C-4880-8EA3-44E33B28C034}
	EndGlobalSection
EndGlobal
